// !$*UTF8*$!
{
	archiveVersion = 1;
	classes = {
	};
	objectVersion = 56;
	objects = {

/* Begin PBXBuildFile section */
		B45AF85B2ECB17AF00679142 /* RecipesAppApp.swift in Sources */ = {isa = PBXBuildFile; fileRef = B45AF85A2ECB17AF00679142 /* RecipesAppApp.swift */; };
		B45AF85F2ECB17B100679142 /* Assets.xcassets in Resources */ = {isa = PBXBuildFile; fileRef = B45AF85E2ECB17B100679142 /* Assets.xcassets */; };
		B45AF8622ECB17B100679142 /* Preview Assets.xcassets in Resources */ = {isa = PBXBuildFile; fileRef = B45AF8612ECB17B100679142 /* Preview Assets.xcassets */; };
		B45AF86C2ECB17B100679142 /* RecipesAppTests.swift in Sources */ = {isa = PBXBuildFile; fileRef = B45AF86B2ECB17B100679142 /* RecipesAppTests.swift */; };
		B45AF8762ECB17B100679142 /* RecipesAppUITests.swift in Sources */ = {isa = PBXBuildFile; fileRef = B45AF8752ECB17B100679142 /* RecipesAppUITests.swift */; };
		B45AF8782ECB17B100679142 /* RecipesAppUITestsLaunchTests.swift in Sources */ = {isa = PBXBuildFile; fileRef = B45AF8772ECB17B100679142 /* RecipesAppUITestsLaunchTests.swift */; };
		B45AF8862ECB23DD00679142 /* Recipe.swift in Sources */ = {isa = PBXBuildFile; fileRef = B45AF8852ECB23DD00679142 /* Recipe.swift */; };
		B45AF88C2ECB29E700679142 /* RecipesRepository.swift in Sources */ = {isa = PBXBuildFile; fileRef = B45AF88B2ECB29E700679142 /* RecipesRepository.swift */; };
		B45AF88E2ECB2AC500679142 /* RecipesRepositoryDummyImpl.swift in Sources */ = {isa = PBXBuildFile; fileRef = B45AF88D2ECB2AC500679142 /* RecipesRepositoryDummyImpl.swift */; };
		B45AF8902ECB2E5D00679142 /* Injector.swift in Sources */ = {isa = PBXBuildFile; fileRef = B45AF88F2ECB2E5D00679142 /* Injector.swift */; };
		B45AF8932ECB306D00679142 /* RecipeView.swift in Sources */ = {isa = PBXBuildFile; fileRef = B45AF8922ECB306D00679142 /* RecipeView.swift */; };
/* End PBXBuildFile section */

/* Begin PBXContainerItemProxy section */
		B45AF8682ECB17B100679142 /* PBXContainerItemProxy */ = {
			isa = PBXContainerItemProxy;
			containerPortal = B45AF84F2ECB17AF00679142 /* Project object */;
			proxyType = 1;
			remoteGlobalIDString = B45AF8562ECB17AF00679142;
			remoteInfo = RecipesApp;
		};
		B45AF8722ECB17B100679142 /* PBXContainerItemProxy */ = {
			isa = PBXContainerItemProxy;
			containerPortal = B45AF84F2ECB17AF00679142 /* Project object */;
			proxyType = 1;
			remoteGlobalIDString = B45AF8562ECB17AF00679142;
			remoteInfo = RecipesApp;
		};
/* End PBXContainerItemProxy section */

/* Begin PBXFileReference section */
		B45AF8572ECB17AF00679142 /* RecipesApp.app */ = {isa = PBXFileReference; explicitFileType = wrapper.application; includeInIndex = 0; path = RecipesApp.app; sourceTree = BUILT_PRODUCTS_DIR; };
		B45AF85A2ECB17AF00679142 /* RecipesAppApp.swift */ = {isa = PBXFileReference; lastKnownFileType = sourcecode.swift; path = RecipesAppApp.swift; sourceTree = "<group>"; };
		B45AF85E2ECB17B100679142 /* Assets.xcassets */ = {isa = PBXFileReference; lastKnownFileType = folder.assetcatalog; path = Assets.xcassets; sourceTree = "<group>"; };
		B45AF8612ECB17B100679142 /* Preview Assets.xcassets */ = {isa = PBXFileReference; lastKnownFileType = folder.assetcatalog; path = "Preview Assets.xcassets"; sourceTree = "<group>"; };
		B45AF8672ECB17B100679142 /* RecipesAppTests.xctest */ = {isa = PBXFileReference; explicitFileType = wrapper.cfbundle; includeInIndex = 0; path = RecipesAppTests.xctest; sourceTree = BUILT_PRODUCTS_DIR; };
		B45AF86B2ECB17B100679142 /* RecipesAppTests.swift */ = {isa = PBXFileReference; lastKnownFileType = sourcecode.swift; path = RecipesAppTests.swift; sourceTree = "<group>"; };
		B45AF8712ECB17B100679142 /* RecipesAppUITests.xctest */ = {isa = PBXFileReference; explicitFileType = wrapper.cfbundle; includeInIndex = 0; path = RecipesAppUITests.xctest; sourceTree = BUILT_PRODUCTS_DIR; };
		B45AF8752ECB17B100679142 /* RecipesAppUITests.swift */ = {isa = PBXFileReference; lastKnownFileType = sourcecode.swift; path = RecipesAppUITests.swift; sourceTree = "<group>"; };
		B45AF8772ECB17B100679142 /* RecipesAppUITestsLaunchTests.swift */ = {isa = PBXFileReference; lastKnownFileType = sourcecode.swift; path = RecipesAppUITestsLaunchTests.swift; sourceTree = "<group>"; };
		B45AF8852ECB23DD00679142 /* Recipe.swift */ = {isa = PBXFileReference; lastKnownFileType = sourcecode.swift; path = Recipe.swift; sourceTree = "<group>"; };
		B45AF88B2ECB29E700679142 /* RecipesRepository.swift */ = {isa = PBXFileReference; lastKnownFileType = sourcecode.swift; path = RecipesRepository.swift; sourceTree = "<group>"; };
		B45AF88D2ECB2AC500679142 /* RecipesRepositoryDummyImpl.swift */ = {isa = PBXFileReference; lastKnownFileType = sourcecode.swift; path = RecipesRepositoryDummyImpl.swift; sourceTree = "<group>"; };
		B45AF88F2ECB2E5D00679142 /* Injector.swift */ = {isa = PBXFileReference; lastKnownFileType = sourcecode.swift; path = Injector.swift; sourceTree = "<group>"; };
		B45AF8922ECB306D00679142 /* RecipeView.swift */ = {isa = PBXFileReference; lastKnownFileType = sourcecode.swift; path = RecipeView.swift; sourceTree = "<group>"; };
/* End PBXFileReference section */

/* Begin PBXFrameworksBuildPhase section */
		B45AF8542ECB17AF00679142 /* Frameworks */ = {
			isa = PBXFrameworksBuildPhase;
			buildActionMask = 2147483647;
			files = (
			);
			runOnlyForDeploymentPostprocessing = 0;
		};
		B45AF8642ECB17B100679142 /* Frameworks */ = {
			isa = PBXFrameworksBuildPhase;
			buildActionMask = 2147483647;
			files = (
			);
			runOnlyForDeploymentPostprocessing = 0;
		};
		B45AF86E2ECB17B100679142 /* Frameworks */ = {
			isa = PBXFrameworksBuildPhase;
			buildActionMask = 2147483647;
			files = (
			);
			runOnlyForDeploymentPostprocessing = 0;
		};
/* End PBXFrameworksBuildPhase section */

/* Begin PBXGroup section */
		B45AF84E2ECB17AF00679142 = {
			isa = PBXGroup;
			children = (
				B45AF8592ECB17AF00679142 /* RecipesApp */,
				B45AF86A2ECB17B100679142 /* RecipesAppTests */,
				B45AF8742ECB17B100679142 /* RecipesAppUITests */,
				B45AF8582ECB17AF00679142 /* Products */,
			);
			sourceTree = "<group>";
		};
		B45AF8582ECB17AF00679142 /* Products */ = {
			isa = PBXGroup;
			children = (
				B45AF8572ECB17AF00679142 /* RecipesApp.app */,
				B45AF8672ECB17B100679142 /* RecipesAppTests.xctest */,
				B45AF8712ECB17B100679142 /* RecipesAppUITests.xctest */,
			);
			name = Products;
			sourceTree = "<group>";
		};
		B45AF8592ECB17AF00679142 /* RecipesApp */ = {
			isa = PBXGroup;
			children = (
				B45AF8912ECB2F9900679142 /* view */,
				B45AF8872ECB28E600679142 /* Repository */,
				B45AF8842ECB236C00679142 /* data */,
				B45AF85A2ECB17AF00679142 /* RecipesAppApp.swift */,
				B45AF85E2ECB17B100679142 /* Assets.xcassets */,
				B45AF8602ECB17B100679142 /* Preview Content */,
			);
			path = RecipesApp;
			sourceTree = "<group>";
		};
		B45AF8602ECB17B100679142 /* Preview Content */ = {
			isa = PBXGroup;
			children = (
				B45AF8612ECB17B100679142 /* Preview Assets.xcassets */,
			);
			path = "Preview Content";
			sourceTree = "<group>";
		};
		B45AF86A2ECB17B100679142 /* RecipesAppTests */ = {
			isa = PBXGroup;
			children = (
				B45AF86B2ECB17B100679142 /* RecipesAppTests.swift */,
			);
			path = RecipesAppTests;
			sourceTree = "<group>";
		};
		B45AF8742ECB17B100679142 /* RecipesAppUITests */ = {
			isa = PBXGroup;
			children = (
				B45AF8752ECB17B100679142 /* RecipesAppUITests.swift */,
				B45AF8772ECB17B100679142 /* RecipesAppUITestsLaunchTests.swift */,
			);
			path = RecipesAppUITests;
			sourceTree = "<group>";
		};
		B45AF8842ECB236C00679142 /* data */ = {
			isa = PBXGroup;
			children = (
				B45AF8852ECB23DD00679142 /* Recipe.swift */,
			);
			path = data;
			sourceTree = "<group>";
		};
		B45AF8872ECB28E600679142 /* Repository */ = {
			isa = PBXGroup;
			children = (
				B45AF88B2ECB29E700679142 /* RecipesRepository.swift */,
				B45AF88D2ECB2AC500679142 /* RecipesRepositoryDummyImpl.swift */,
				B45AF88F2ECB2E5D00679142 /* Injector.swift */,
			);
			path = Repository;
			sourceTree = "<group>";
		};
		B45AF8912ECB2F9900679142 /* view */ = {
			isa = PBXGroup;
			children = (
				B45AF8922ECB306D00679142 /* RecipeView.swift */,
			);
			path = view;
			sourceTree = "<group>";
		};
/* End PBXGroup section */

/* Begin PBXNativeTarget section */
		B45AF8562ECB17AF00679142 /* RecipesApp */ = {
			isa = PBXNativeTarget;
			buildConfigurationList = B45AF87B2ECB17B100679142 /* Build configuration list for PBXNativeTarget "RecipesApp" */;
			buildPhases = (
				B45AF8532ECB17AF00679142 /* Sources */,
				B45AF8542ECB17AF00679142 /* Frameworks */,
				B45AF8552ECB17AF00679142 /* Resources */,
			);
			buildRules = (
			);
			dependencies = (
			);
			name = RecipesApp;
			productName = RecipesApp;
			productReference = B45AF8572ECB17AF00679142 /* RecipesApp.app */;
			productType = "com.apple.product-type.application";
		};
		B45AF8662ECB17B100679142 /* RecipesAppTests */ = {
			isa = PBXNativeTarget;
			buildConfigurationList = B45AF87E2ECB17B100679142 /* Build configuration list for PBXNativeTarget "RecipesAppTests" */;
			buildPhases = (
				B45AF8632ECB17B100679142 /* Sources */,
				B45AF8642ECB17B100679142 /* Frameworks */,
				B45AF8652ECB17B100679142 /* Resources */,
			);
			buildRules = (
			);
			dependencies = (
				B45AF8692ECB17B100679142 /* PBXTargetDependency */,
			);
			name = RecipesAppTests;
			productName = RecipesAppTests;
			productReference = B45AF8672ECB17B100679142 /* RecipesAppTests.xctest */;
			productType = "com.apple.product-type.bundle.unit-test";
		};
		B45AF8702ECB17B100679142 /* RecipesAppUITests */ = {
			isa = PBXNativeTarget;
			buildConfigurationList = B45AF8812ECB17B100679142 /* Build configuration list for PBXNativeTarget "RecipesAppUITests" */;
			buildPhases = (
				B45AF86D2ECB17B100679142 /* Sources */,
				B45AF86E2ECB17B100679142 /* Frameworks */,
				B45AF86F2ECB17B100679142 /* Resources */,
			);
			buildRules = (
			);
			dependencies = (
				B45AF8732ECB17B100679142 /* PBXTargetDependency */,
			);
			name = RecipesAppUITests;
			productName = RecipesAppUITests;
			productReference = B45AF8712ECB17B100679142 /* RecipesAppUITests.xctest */;
			productType = "com.apple.product-type.bundle.ui-testing";
		};
/* End PBXNativeTarget section */

/* Begin PBXProject section */
		B45AF84F2ECB17AF00679142 /* Project object */ = {
			isa = PBXProject;
			attributes = {
				BuildIndependentTargetsInParallel = 1;
				LastSwiftUpdateCheck = 1540;
				LastUpgradeCheck = 1540;
				TargetAttributes = {
					B45AF8562ECB17AF00679142 = {
						CreatedOnToolsVersion = 15.4;
					};
					B45AF8662ECB17B100679142 = {
						CreatedOnToolsVersion = 15.4;
						TestTargetID = B45AF8562ECB17AF00679142;
					};
					B45AF8702ECB17B100679142 = {
						CreatedOnToolsVersion = 15.4;
						TestTargetID = B45AF8562ECB17AF00679142;
					};
				};
			};
			buildConfigurationList = B45AF8522ECB17AF00679142 /* Build configuration list for PBXProject "RecipesApp" */;
			compatibilityVersion = "Xcode 14.0";
			developmentRegion = en;
			hasScannedForEncodings = 0;
			knownRegions = (
				en,
				Base,
			);
			mainGroup = B45AF84E2ECB17AF00679142;
			productRefGroup = B45AF8582ECB17AF00679142 /* Products */;
			projectDirPath = "";
			projectRoot = "";
			targets = (
				B45AF8562ECB17AF00679142 /* RecipesApp */,
				B45AF8662ECB17B100679142 /* RecipesAppTests */,
				B45AF8702ECB17B100679142 /* RecipesAppUITests */,
			);
		};
/* End PBXProject section */

/* Begin PBXResourcesBuildPhase section */
		B45AF8552ECB17AF00679142 /* Resources */ = {
			isa = PBXResourcesBuildPhase;
			buildActionMask = 2147483647;
			files = (
				B45AF8622ECB17B100679142 /* Preview Assets.xcassets in Resources */,
				B45AF85F2ECB17B100679142 /* Assets.xcassets in Resources */,
			);
			runOnlyForDeploymentPostprocessing = 0;
		};
		B45AF8652ECB17B100679142 /* Resources */ = {
			isa = PBXResourcesBuildPhase;
			buildActionMask = 2147483647;
			files = (
			);
			runOnlyForDeploymentPostprocessing = 0;
		};
		B45AF86F2ECB17B100679142 /* Resources */ = {
			isa = PBXResourcesBuildPhase;
			buildActionMask = 2147483647;
			files = (
			);
			runOnlyForDeploymentPostprocessing = 0;
		};
/* End PBXResourcesBuildPhase section */

/* Begin PBXSourcesBuildPhase section */
		B45AF8532ECB17AF00679142 /* Sources */ = {
			isa = PBXSourcesBuildPhase;
			buildActionMask = 2147483647;
			files = (
				B45AF8862ECB23DD00679142 /* Recipe.swift in Sources */,
				B45AF8902ECB2E5D00679142 /* Injector.swift in Sources */,
				B45AF88C2ECB29E700679142 /* RecipesRepository.swift in Sources */,
				B45AF8932ECB306D00679142 /* RecipeView.swift in Sources */,
				B45AF88E2ECB2AC500679142 /* RecipesRepositoryDummyImpl.swift in Sources */,
				B45AF85B2ECB17AF00679142 /* RecipesAppApp.swift in Sources */,
			);
			runOnlyForDeploymentPostprocessing = 0;
		};
		B45AF8632ECB17B100679142 /* Sources */ = {
			isa = PBXSourcesBuildPhase;
			buildActionMask = 2147483647;
			files = (
				B45AF86C2ECB17B100679142 /* RecipesAppTests.swift in Sources */,
			);
			runOnlyForDeploymentPostprocessing = 0;
		};
		B45AF86D2ECB17B100679142 /* Sources */ = {
			isa = PBXSourcesBuildPhase;
			buildActionMask = 2147483647;
			files = (
				B45AF8782ECB17B100679142 /* RecipesAppUITestsLaunchTests.swift in Sources */,
				B45AF8762ECB17B100679142 /* RecipesAppUITests.swift in Sources */,
			);
			runOnlyForDeploymentPostprocessing = 0;
		};
/* End PBXSourcesBuildPhase section */

/* Begin PBXTargetDependency section */
		B45AF8692ECB17B100679142 /* PBXTargetDependency */ = {
			isa = PBXTargetDependency;
			target = B45AF8562ECB17AF00679142 /* RecipesApp */;
			targetProxy = B45AF8682ECB17B100679142 /* PBXContainerItemProxy */;
		};
		B45AF8732ECB17B100679142 /* PBXTargetDependency */ = {
			isa = PBXTargetDependency;
			target = B45AF8562ECB17AF00679142 /* RecipesApp */;
			targetProxy = B45AF8722ECB17B100679142 /* PBXContainerItemProxy */;
		};
/* End PBXTargetDependency section */

/* Begin XCBuildConfiguration section */
		B45AF8792ECB17B100679142 /* Debug */ = {
			isa = XCBuildConfiguration;
			buildSettings = {
				ALWAYS_SEARCH_USER_PATHS = NO;
				ASSETCATALOG_COMPILER_GENERATE_SWIFT_ASSET_SYMBOL_EXTENSIONS = YES;
				CLANG_ANALYZER_NONNULL = YES;
				CLANG_ANALYZER_NUMBER_OBJECT_CONVERSION = YES_AGGRESSIVE;
				CLANG_CXX_LANGUAGE_STANDARD = "gnu++20";
				CLANG_ENABLE_MODULES = YES;
				CLANG_ENABLE_OBJC_ARC = YES;
				CLANG_ENABLE_OBJC_WEAK = YES;
				CLANG_WARN_BLOCK_CAPTURE_AUTORELEASING = YES;
				CLANG_WARN_BOOL_CONVERSION = YES;
				CLANG_WARN_COMMA = YES;
				CLANG_WARN_CONSTANT_CONVERSION = YES;
				CLANG_WARN_DEPRECATED_OBJC_IMPLEMENTATIONS = YES;
				CLANG_WARN_DIRECT_OBJC_ISA_USAGE = YES_ERROR;
				CLANG_WARN_DOCUMENTATION_COMMENTS = YES;
				CLANG_WARN_EMPTY_BODY = YES;
				CLANG_WARN_ENUM_CONVERSION = YES;
				CLANG_WARN_INFINITE_RECURSION = YES;
				CLANG_WARN_INT_CONVERSION = YES;
				CLANG_WARN_NON_LITERAL_NULL_CONVERSION = YES;
				CLANG_WARN_OBJC_IMPLICIT_RETAIN_SELF = YES;
				CLANG_WARN_OBJC_LITERAL_CONVERSION = YES;
				CLANG_WARN_OBJC_ROOT_CLASS = YES_ERROR;
				CLANG_WARN_QUOTED_INCLUDE_IN_FRAMEWORK_HEADER = YES;
				CLANG_WARN_RANGE_LOOP_ANALYSIS = YES;
				CLANG_WARN_STRICT_PROTOTYPES = YES;
				CLANG_WARN_SUSPICIOUS_MOVE = YES;
				CLANG_WARN_UNGUARDED_AVAILABILITY = YES_AGGRESSIVE;
				CLANG_WARN_UNREACHABLE_CODE = YES;
				CLANG_WARN__DUPLICATE_METHOD_MATCH = YES;
				COPY_PHASE_STRIP = NO;
				DEBUG_INFORMATION_FORMAT = dwarf;
				ENABLE_STRICT_OBJC_MSGSEND = YES;
				ENABLE_TESTABILITY = YES;
				ENABLE_USER_SCRIPT_SANDBOXING = YES;
				GCC_C_LANGUAGE_STANDARD = gnu17;
				GCC_DYNAMIC_NO_PIC = NO;
				GCC_NO_COMMON_BLOCKS = YES;
				GCC_OPTIMIZATION_LEVEL = 0;
				GCC_PREPROCESSOR_DEFINITIONS = (
					"DEBUG=1",
					"$(inherited)",
				);
				GCC_WARN_64_TO_32_BIT_CONVERSION = YES;
				GCC_WARN_ABOUT_RETURN_TYPE = YES_ERROR;
				GCC_WARN_UNDECLARED_SELECTOR = YES;
				GCC_WARN_UNINITIALIZED_AUTOS = YES_AGGRESSIVE;
				GCC_WARN_UNUSED_FUNCTION = YES;
				GCC_WARN_UNUSED_VARIABLE = YES;
				IPHONEOS_DEPLOYMENT_TARGET = 17.5;
				LOCALIZATION_PREFERS_STRING_CATALOGS = YES;
				MTL_ENABLE_DEBUG_INFO = INCLUDE_SOURCE;
				MTL_FAST_MATH = YES;
				ONLY_ACTIVE_ARCH = YES;
				SDKROOT = iphoneos;
				SWIFT_ACTIVE_COMPILATION_CONDITIONS = "DEBUG $(inherited)";
				SWIFT_OPTIMIZATION_LEVEL = "-Onone";
			};
			name = Debug;
		};
		B45AF87A2ECB17B100679142 /* Release */ = {
			isa = XCBuildConfiguration;
			buildSettings = {
				ALWAYS_SEARCH_USER_PATHS = NO;
				ASSETCATALOG_COMPILER_GENERATE_SWIFT_ASSET_SYMBOL_EXTENSIONS = YES;
				CLANG_ANALYZER_NONNULL = YES;
				CLANG_ANALYZER_NUMBER_OBJECT_CONVERSION = YES_AGGRESSIVE;
				CLANG_CXX_LANGUAGE_STANDARD = "gnu++20";
				CLANG_ENABLE_MODULES = YES;
				CLANG_ENABLE_OBJC_ARC = YES;
				CLANG_ENABLE_OBJC_WEAK = YES;
				CLANG_WARN_BLOCK_CAPTURE_AUTORELEASING = YES;
				CLANG_WARN_BOOL_CONVERSION = YES;
				CLANG_WARN_COMMA = YES;
				CLANG_WARN_CONSTANT_CONVERSION = YES;
				CLANG_WARN_DEPRECATED_OBJC_IMPLEMENTATIONS = YES;
				CLANG_WARN_DIRECT_OBJC_ISA_USAGE = YES_ERROR;
				CLANG_WARN_DOCUMENTATION_COMMENTS = YES;
				CLANG_WARN_EMPTY_BODY = YES;
				CLANG_WARN_ENUM_CONVERSION = YES;
				CLANG_WARN_INFINITE_RECURSION = YES;
				CLANG_WARN_INT_CONVERSION = YES;
				CLANG_WARN_NON_LITERAL_NULL_CONVERSION = YES;
				CLANG_WARN_OBJC_IMPLICIT_RETAIN_SELF = YES;
				CLANG_WARN_OBJC_LITERAL_CONVERSION = YES;
				CLANG_WARN_OBJC_ROOT_CLASS = YES_ERROR;
				CLANG_WARN_QUOTED_INCLUDE_IN_FRAMEWORK_HEADER = YES;
				CLANG_WARN_RANGE_LOOP_ANALYSIS = YES;
				CLANG_WARN_STRICT_PROTOTYPES = YES;
				CLANG_WARN_SUSPICIOUS_MOVE = YES;
				CLANG_WARN_UNGUARDED_AVAILABILITY = YES_AGGRESSIVE;
				CLANG_WARN_UNREACHABLE_CODE = YES;
				CLANG_WARN__DUPLICATE_METHOD_MATCH = YES;
				COPY_PHASE_STRIP = NO;
				DEBUG_INFORMATION_FORMAT = "dwarf-with-dsym";
				ENABLE_NS_ASSERTIONS = NO;
				ENABLE_STRICT_OBJC_MSGSEND = YES;
				ENABLE_USER_SCRIPT_SANDBOXING = YES;
				GCC_C_LANGUAGE_STANDARD = gnu17;
				GCC_NO_COMMON_BLOCKS = YES;
				GCC_WARN_64_TO_32_BIT_CONVERSION = YES;
				GCC_WARN_ABOUT_RETURN_TYPE = YES_ERROR;
				GCC_WARN_UNDECLARED_SELECTOR = YES;
				GCC_WARN_UNINITIALIZED_AUTOS = YES_AGGRESSIVE;
				GCC_WARN_UNUSED_FUNCTION = YES;
				GCC_WARN_UNUSED_VARIABLE = YES;
				IPHONEOS_DEPLOYMENT_TARGET = 17.5;
				LOCALIZATION_PREFERS_STRING_CATALOGS = YES;
				MTL_ENABLE_DEBUG_INFO = NO;
				MTL_FAST_MATH = YES;
				SDKROOT = iphoneos;
				SWIFT_COMPILATION_MODE = wholemodule;
				VALIDATE_PRODUCT = YES;
			};
			name = Release;
		};
		B45AF87C2ECB17B100679142 /* Debug */ = {
			isa = XCBuildConfiguration;
			buildSettings = {
				ASSETCATALOG_COMPILER_APPICON_NAME = AppIcon;
				ASSETCATALOG_COMPILER_GLOBAL_ACCENT_COLOR_NAME = AccentColor;
				CODE_SIGN_STYLE = Automatic;
				CURRENT_PROJECT_VERSION = 1;
				DEVELOPMENT_ASSET_PATHS = "\"RecipesApp/Preview Content\"";
				ENABLE_PREVIEWS = YES;
				GENERATE_INFOPLIST_FILE = YES;
				INFOPLIST_KEY_UIApplicationSceneManifest_Generation = YES;
				INFOPLIST_KEY_UIApplicationSupportsIndirectInputEvents = YES;
				INFOPLIST_KEY_UILaunchScreen_Generation = YES;
				INFOPLIST_KEY_UISupportedInterfaceOrientations_iPad = "UIInterfaceOrientationPortrait UIInterfaceOrientationPortraitUpsideDown UIInterfaceOrientationLandscapeLeft UIInterfaceOrientationLandscapeRight";
				INFOPLIST_KEY_UISupportedInterfaceOrientations_iPhone = "UIInterfaceOrientationPortrait UIInterfaceOrientationLandscapeLeft UIInterfaceOrientationLandscapeRight";
				LD_RUNPATH_SEARCH_PATHS = (
					"$(inherited)",
					"@executable_path/Frameworks",
				);
				MARKETING_VERSION = 1.0;
				PRODUCT_BUNDLE_IDENTIFIER = fr.urn.mastersime.RecipesApp;
				PRODUCT_NAME = "$(TARGET_NAME)";
				SWIFT_EMIT_LOC_STRINGS = YES;
				SWIFT_VERSION = 5.0;
				TARGETED_DEVICE_FAMILY = "1,2";
			};
			name = Debug;
		};
		B45AF87D2ECB17B100679142 /* Release */ = {
			isa = XCBuildConfiguration;
			buildSettings = {
				ASSETCATALOG_COMPILER_APPICON_NAME = AppIcon;
				ASSETCATALOG_COMPILER_GLOBAL_ACCENT_COLOR_NAME = AccentColor;
				CODE_SIGN_STYLE = Automatic;
				CURRENT_PROJECT_VERSION = 1;
				DEVELOPMENT_ASSET_PATHS = "\"RecipesApp/Preview Content\"";
				ENABLE_PREVIEWS = YES;
				GENERATE_INFOPLIST_FILE = YES;
				INFOPLIST_KEY_UIApplicationSceneManifest_Generation = YES;
				INFOPLIST_KEY_UIApplicationSupportsIndirectInputEvents = YES;
				INFOPLIST_KEY_UILaunchScreen_Generation = YES;
				INFOPLIST_KEY_UISupportedInterfaceOrientations_iPad = "UIInterfaceOrientationPortrait UIInterfaceOrientationPortraitUpsideDown UIInterfaceOrientationLandscapeLeft UIInterfaceOrientationLandscapeRight";
				INFOPLIST_KEY_UISupportedInterfaceOrientations_iPhone = "UIInterfaceOrientationPortrait UIInterfaceOrientationLandscapeLeft UIInterfaceOrientationLandscapeRight";
				LD_RUNPATH_SEARCH_PATHS = (
					"$(inherited)",
					"@executable_path/Frameworks",
				);
				MARKETING_VERSION = 1.0;
				PRODUCT_BUNDLE_IDENTIFIER = fr.urn.mastersime.RecipesApp;
				PRODUCT_NAME = "$(TARGET_NAME)";
				SWIFT_EMIT_LOC_STRINGS = YES;
				SWIFT_VERSION = 5.0;
				TARGETED_DEVICE_FAMILY = "1,2";
			};
			name = Release;
		};
		B45AF87F2ECB17B100679142 /* Debug */ = {
			isa = XCBuildConfiguration;
			buildSettings = {
				ALWAYS_EMBED_SWIFT_STANDARD_LIBRARIES = YES;
				BUNDLE_LOADER = "$(TEST_HOST)";
				CODE_SIGN_STYLE = Automatic;
				CURRENT_PROJECT_VERSION = 1;
				GENERATE_INFOPLIST_FILE = YES;
				IPHONEOS_DEPLOYMENT_TARGET = 17.5;
				MARKETING_VERSION = 1.0;
				PRODUCT_BUNDLE_IDENTIFIER = fr.urn.mastersime.RecipesAppTests;
				PRODUCT_NAME = "$(TARGET_NAME)";
				SWIFT_EMIT_LOC_STRINGS = NO;
				SWIFT_VERSION = 5.0;
				TARGETED_DEVICE_FAMILY = "1,2";
				TEST_HOST = "$(BUILT_PRODUCTS_DIR)/RecipesApp.app/$(BUNDLE_EXECUTABLE_FOLDER_PATH)/RecipesApp";
			};
			name = Debug;
		};
		B45AF8802ECB17B100679142 /* Release */ = {
			isa = XCBuildConfiguration;
			buildSettings = {
				ALWAYS_EMBED_SWIFT_STANDARD_LIBRARIES = YES;
				BUNDLE_LOADER = "$(TEST_HOST)";
				CODE_SIGN_STYLE = Automatic;
				CURRENT_PROJECT_VERSION = 1;
				GENERATE_INFOPLIST_FILE = YES;
				IPHONEOS_DEPLOYMENT_TARGET = 17.5;
				MARKETING_VERSION = 1.0;
				PRODUCT_BUNDLE_IDENTIFIER = fr.urn.mastersime.RecipesAppTests;
				PRODUCT_NAME = "$(TARGET_NAME)";
				SWIFT_EMIT_LOC_STRINGS = NO;
				SWIFT_VERSION = 5.0;
				TARGETED_DEVICE_FAMILY = "1,2";
				TEST_HOST = "$(BUILT_PRODUCTS_DIR)/RecipesApp.app/$(BUNDLE_EXECUTABLE_FOLDER_PATH)/RecipesApp";
			};
			name = Release;
		};
		B45AF8822ECB17B100679142 /* Debug */ = {
			isa = XCBuildConfiguration;
			buildSettings = {
				ALWAYS_EMBED_SWIFT_STANDARD_LIBRARIES = YES;
				CODE_SIGN_STYLE = Automatic;
				CURRENT_PROJECT_VERSION = 1;
				GENERATE_INFOPLIST_FILE = YES;
				MARKETING_VERSION = 1.0;
				PRODUCT_BUNDLE_IDENTIFIER = fr.urn.mastersime.RecipesAppUITests;
				PRODUCT_NAME = "$(TARGET_NAME)";
				SWIFT_EMIT_LOC_STRINGS = NO;
				SWIFT_VERSION = 5.0;
				TARGETED_DEVICE_FAMILY = "1,2";
				TEST_TARGET_NAME = RecipesApp;
			};
			name = Debug;
		};
		B45AF8832ECB17B100679142 /* Release */ = {
			isa = XCBuildConfiguration;
			buildSettings = {
				ALWAYS_EMBED_SWIFT_STANDARD_LIBRARIES = YES;
				CODE_SIGN_STYLE = Automatic;
				CURRENT_PROJECT_VERSION = 1;
				GENERATE_INFOPLIST_FILE = YES;
				MARKETING_VERSION = 1.0;
				PRODUCT_BUNDLE_IDENTIFIER = fr.urn.mastersime.RecipesAppUITests;
				PRODUCT_NAME = "$(TARGET_NAME)";
				SWIFT_EMIT_LOC_STRINGS = NO;
				SWIFT_VERSION = 5.0;
				TARGETED_DEVICE_FAMILY = "1,2";
				TEST_TARGET_NAME = RecipesApp;
			};
			name = Release;
		};
/* End XCBuildConfiguration section */

/* Begin XCConfigurationList section */
		B45AF8522ECB17AF00679142 /* Build configuration list for PBXProject "RecipesApp" */ = {
			isa = XCConfigurationList;
			buildConfigurations = (
				B45AF8792ECB17B100679142 /* Debug */,
				B45AF87A2ECB17B100679142 /* Release */,
			);
			defaultConfigurationIsVisible = 0;
			defaultConfigurationName = Release;
		};
		B45AF87B2ECB17B100679142 /* Build configuration list for PBXNativeTarget "RecipesApp" */ = {
			isa = XCConfigurationList;
			buildConfigurations = (
				B45AF87C2ECB17B100679142 /* Debug */,
				B45AF87D2ECB17B100679142 /* Release */,
			);
			defaultConfigurationIsVisible = 0;
			defaultConfigurationName = Release;
		};
		B45AF87E2ECB17B100679142 /* Build configuration list for PBXNativeTarget "RecipesAppTests" */ = {
			isa = XCConfigurationList;
			buildConfigurations = (
				B45AF87F2ECB17B100679142 /* Debug */,
				B45AF8802ECB17B100679142 /* Release */,
			);
			defaultConfigurationIsVisible = 0;
			defaultConfigurationName = Release;
		};
		B45AF8812ECB17B100679142 /* Build configuration list for PBXNativeTarget "RecipesAppUITests" */ = {
			isa = XCConfigurationList;
			buildConfigurations = (
				B45AF8822ECB17B100679142 /* Debug */,
				B45AF8832ECB17B100679142 /* Release */,
			);
			defaultConfigurationIsVisible = 0;
			defaultConfigurationName = Release;
		};
/* End XCConfigurationList section */
	};
	rootObject = B45AF84F2ECB17AF00679142 /* Project object */;
}
